{
  "name": "Claude",
  "lockfileVersion": 3,
  "requires": true,
  "packages": {
    "": {
      "dependencies": {
        "franc-min": "^6.2.0"
      }
    },
    "node_modules/collapse-white-space": {
      "version": "2.1.0",
      "resolved": "https://registry.npmjs.org/collapse-white-space/-/collapse-white-space-2.1.0.tgz",
      "integrity": "sha512-loKTxY1zCOuG4j9f6EPnuyyYkf58RnhhWTvRoZEokgB+WbdXehfjFviyOVYkqzEWz1Q5kRiZdBYS5SwxbQYwzw==",
      "license": "MIT",
      "funding": {
        "type": "github",
        "url": "https://github.com/sponsors/wooorm"
      }
    },
    "node_modules/franc-min": {
      "version": "6.2.0",
      "resolved": "https://registry.npmjs.org/franc-min/-/franc-min-6.2.0.tgz",
      "integrity": "sha512-1uDIEUSlUZgvJa2AKYR/dmJC66v/PvGQ9mWfI9nOr/kPpMFyvswK0gPXOwpYJYiYD008PpHLkGfG58SPjQJFxw==",
      "license": "MIT",
      "dependencies": {
        "trigram-utils": "^2.0.0"
      },
      "funding": {
        "type": "github",
        "url": "https://github.com/sponsors/wooorm"
      }
    },
    "node_modules/n-gram": {
      "version": "2.0.2",
      "resolved": "https://registry.npmjs.org/n-gram/-/n-gram-2.0.2.tgz",
      "integrity": "sha512-S24aGsn+HLBxUGVAUFOwGpKs7LBcG4RudKU//eWzt/mQ97/NMKQxDWHyHx63UNWk/OOdihgmzoETn1tf5nQDzQ==",
      "license": "MIT",
      "funding": {
        "type": "github",
        "url": "https://github.com/sponsors/wooorm"
      }
    },
    "node_modules/trigram-utils": {
      "version": "2.0.1",
      "resolved": "https://registry.npmjs.org/trigram-utils/-/trigram-utils-2.0.1.tgz",
      "integrity": "sha512-nfWIXHEaB+HdyslAfMxSqWKDdmqY9I32jS7GnqpdWQnLH89r6A5sdk3fDVYqGAZ0CrT8ovAFSAo6HRiWcWNIGQ==",
      "license": "MIT",
      "dependencies": {
        "collapse-white-space": "^2.0.0",
        "n-gram": "^2.0.0"
      },
      "funding": {
        "type": "github",
        "url": "https://github.com/sponsors/wooorm"
      }
    }
  }
}
