{
  "name": "Emby",
  "lockfileVersion": 3,
  "requires": true,
  "packages": {
    "": {
      "dependencies": {
        "compare-versions": "6.1.1"
      }
    },
    "node_modules/compare-versions": {
      "version": "6.1.1",
      "resolved": "https://registry.npmjs.org/compare-versions/-/compare-versions-6.1.1.tgz",
      "integrity": "sha512-4hm4VPpIecmlg59CHXnRDnqGplJFrbLG4aFEl5vl6cK1u76ws3LLvX7ikFnTDl5vo39sjWD6AaDPYodJp/NNHg=="
    }
  }
}
